
Microsoft Visual Studio Solution File, Format Version 12.00
# Visual Studio Express 15 for Windows Desktop
VisualStudioVersion = 15.0.28307.489
MinimumVisualStudioVersion = 10.0.40219.1
Project("{FAE04EC0-301F-11D3-BF4B-00C04F79EFBC}") = "TravellingSalesmanProblem", "TravellingSalesmanProblem\TravellingSalesmanProblem.csproj", "{3D26A85A-4971-4767-9D9E-5F707D05AAEA}"
EndProject
Project("{2150E333-8FDC-42A3-9474-1A3956D46DE8}") = "Solution Items", "Solution Items", "{3F0B95F6-1419-4820-A26F-63AF83FB1291}"
	ProjectSection(SolutionItems) = preProject
		Todo.txt = Todo.txt
	EndProjectSection
EndProject
Project("{FAE04EC0-301F-11D3-BF4B-00C04F79EFBC}") = "ShimLib", "ShimLib\ShimLib.csproj", "{C5D73388-E9C2-408B-908E-68CA3199E431}"
EndProject
Project("{8BC9CEB8-8B4A-11D0-8D11-00A0C91BC942}") = "Alg", "Alg\Alg.vcxproj", "{E684C874-B608-4A8E-87E3-23F4889F84F9}"
EndProject
Global
	GlobalSection(SolutionConfigurationPlatforms) = preSolution
		Debug|Any CPU = Debug|Any CPU
		Debug|x64 = Debug|x64
		Debug|x86 = Debug|x86
		Release|Any CPU = Release|Any CPU
		Release|x64 = Release|x64
		Release|x86 = Release|x86
	EndGlobalSection
	GlobalSection(ProjectConfigurationPlatforms) = postSolution
		{3D26A85A-4971-4767-9D9E-5F707D05AAEA}.Debug|Any CPU.ActiveCfg = Debug|Any CPU
		{3D26A85A-4971-4767-9D9E-5F707D05AAEA}.Debug|Any CPU.Build.0 = Debug|Any CPU
		{3D26A85A-4971-4767-9D9E-5F707D05AAEA}.Debug|x64.ActiveCfg = Debug|Any CPU
		{3D26A85A-4971-4767-9D9E-5F707D05AAEA}.Debug|x64.Build.0 = Debug|Any CPU
		{3D26A85A-4971-4767-9D9E-5F707D05AAEA}.Debug|x86.ActiveCfg = Debug|Any CPU
		{3D26A85A-4971-4767-9D9E-5F707D05AAEA}.Debug|x86.Build.0 = Debug|Any CPU
		{3D26A85A-4971-4767-9D9E-5F707D05AAEA}.Release|Any CPU.ActiveCfg = Release|Any CPU
		{3D26A85A-4971-4767-9D9E-5F707D05AAEA}.Release|Any CPU.Build.0 = Release|Any CPU
		{3D26A85A-4971-4767-9D9E-5F707D05AAEA}.Release|x64.ActiveCfg = Release|Any CPU
		{3D26A85A-4971-4767-9D9E-5F707D05AAEA}.Release|x64.Build.0 = Release|Any CPU
		{3D26A85A-4971-4767-9D9E-5F707D05AAEA}.Release|x86.ActiveCfg = Release|Any CPU
		{3D26A85A-4971-4767-9D9E-5F707D05AAEA}.Release|x86.Build.0 = Release|Any CPU
		{C5D73388-E9C2-408B-908E-68CA3199E431}.Debug|Any CPU.ActiveCfg = Debug|Any CPU
		{C5D73388-E9C2-408B-908E-68CA3199E431}.Debug|Any CPU.Build.0 = Debug|Any CPU
		{C5D73388-E9C2-408B-908E-68CA3199E431}.Debug|x64.ActiveCfg = Debug|Any CPU
		{C5D73388-E9C2-408B-908E-68CA3199E431}.Debug|x64.Build.0 = Debug|Any CPU
		{C5D73388-E9C2-408B-908E-68CA3199E431}.Debug|x86.ActiveCfg = Debug|Any CPU
		{C5D73388-E9C2-408B-908E-68CA3199E431}.Debug|x86.Build.0 = Debug|Any CPU
		{C5D73388-E9C2-408B-908E-68CA3199E431}.Release|Any CPU.ActiveCfg = Release|Any CPU
		{C5D73388-E9C2-408B-908E-68CA3199E431}.Release|Any CPU.Build.0 = Release|Any CPU
		{C5D73388-E9C2-408B-908E-68CA3199E431}.Release|x64.ActiveCfg = Release|Any CPU
		{C5D73388-E9C2-408B-908E-68CA3199E431}.Release|x64.Build.0 = Release|Any CPU
		{C5D73388-E9C2-408B-908E-68CA3199E431}.Release|x86.ActiveCfg = Release|Any CPU
		{C5D73388-E9C2-408B-908E-68CA3199E431}.Release|x86.Build.0 = Release|Any CPU
		{E684C874-B608-4A8E-87E3-23F4889F84F9}.Debug|Any CPU.ActiveCfg = Debug|Win32
		{E684C874-B608-4A8E-87E3-23F4889F84F9}.Debug|x64.ActiveCfg = Debug|x64
		{E684C874-B608-4A8E-87E3-23F4889F84F9}.Debug|x64.Build.0 = Debug|x64
		{E684C874-B608-4A8E-87E3-23F4889F84F9}.Debug|x86.ActiveCfg = Debug|Win32
		{E684C874-B608-4A8E-87E3-23F4889F84F9}.Debug|x86.Build.0 = Debug|Win32
		{E684C874-B608-4A8E-87E3-23F4889F84F9}.Release|Any CPU.ActiveCfg = Release|Win32
		{E684C874-B608-4A8E-87E3-23F4889F84F9}.Release|x64.ActiveCfg = Release|x64
		{E684C874-B608-4A8E-87E3-23F4889F84F9}.Release|x64.Build.0 = Release|x64
		{E684C874-B608-4A8E-87E3-23F4889F84F9}.Release|x86.ActiveCfg = Release|Win32
		{E684C874-B608-4A8E-87E3-23F4889F84F9}.Release|x86.Build.0 = Release|Win32
	EndGlobalSection
	GlobalSection(SolutionProperties) = preSolution
		HideSolutionNode = FALSE
	EndGlobalSection
	GlobalSection(ExtensibilityGlobals) = postSolution
		SolutionGuid = {73DE953C-8F93-401C-AD03-71631889606F}
	EndGlobalSection
EndGlobal
